
Microsoft Visual Studio Solution File, Format Version 12.00
# Visual Studio Version 17
VisualStudioVersion = 17.9.34310.174
MinimumVisualStudioVersion = 10.0.40219.1
Project("{FAE04EC0-301F-11D3-BF4B-00C04F79EFBC}") = "XmlQuery", "src\XmlQuery\XmlQuery.csproj", "{A6137509-7531-44FE-8D41-E5AE9E6D24DE}"
EndProject
Project("{FAE04EC0-301F-11D3-BF4B-00C04F79EFBC}") = "Tests", "src\Tests\Tests.csproj", "{3AD6511F-51BE-4B31-B2C5-CA619674CE92}"
EndProject
Global
	GlobalSection(SolutionConfigurationPlatforms) = preSolution
		Debug|Any CPU = Debug|Any CPU
		Release|Any CPU = Release|Any CPU
	EndGlobalSection
	GlobalSection(ProjectConfigurationPlatforms) = postSolution
		{A6137509-7531-44FE-8D41-E5AE9E6D24DE}.Debug|Any CPU.ActiveCfg = Debug|Any CPU
		{A6137509-7531-44FE-8D41-E5AE9E6D24DE}.Debug|Any CPU.Build.0 = Debug|Any CPU
		{A6137509-7531-44FE-8D41-E5AE9E6D24DE}.Release|Any CPU.ActiveCfg = Release|Any CPU
		{A6137509-7531-44FE-8D41-E5AE9E6D24DE}.Release|Any CPU.Build.0 = Release|Any CPU
		{3AD6511F-51BE-4B31-B2C5-CA619674CE92}.Debug|Any CPU.ActiveCfg = Debug|Any CPU
		{3AD6511F-51BE-4B31-B2C5-CA619674CE92}.Debug|Any CPU.Build.0 = Debug|Any CPU
		{3AD6511F-51BE-4B31-B2C5-CA619674CE92}.Release|Any CPU.ActiveCfg = Release|Any CPU
		{3AD6511F-51BE-4B31-B2C5-CA619674CE92}.Release|Any CPU.Build.0 = Release|Any CPU
	EndGlobalSection
	GlobalSection(SolutionProperties) = preSolution
		HideSolutionNode = FALSE
	EndGlobalSection
	GlobalSection(ExtensibilityGlobals) = postSolution
		SolutionGuid = {E962D945-8D04-4290-97FF-FE009004A919}
	EndGlobalSection
EndGlobal
